// !$*UTF8*$!
{
	archiveVersion = 1;
	classes = {
	};
	objectVersion = 46;
	objects = {

/* Begin PBXBuildFile section */
		DF27BC0A1AF8044F00B8D747 /* main.m in Sources */ = {isa = PBXBuildFile; fileRef = DF27BC091AF8044F00B8D747 /* main.m */; };
		DF27BC0D1AF8044F00B8D747 /* AppDelegate.m in Sources */ = {isa = PBXBuildFile; fileRef = DF27BC0C1AF8044F00B8D747 /* AppDelegate.m */; };
		DF27BC101AF8044F00B8D747 /* LoginViewController.m in Sources */ = {isa = PBXBuildFile; fileRef = DF27BC0F1AF8044F00B8D747 /* LoginViewController.m */; };
		DF27BC131AF8044F00B8D747 /* Main.storyboard in Resources */ = {isa = PBXBuildFile; fileRef = DF27BC111AF8044F00B8D747 /* Main.storyboard */; };
		DF27BC151AF8044F00B8D747 /* Images.xcassets in Resources */ = {isa = PBXBuildFile; fileRef = DF27BC141AF8044F00B8D747 /* Images.xcassets */; };
		DF27BC181AF8044F00B8D747 /* LaunchScreen.xib in Resources */ = {isa = PBXBuildFile; fileRef = DF27BC161AF8044F00B8D747 /* LaunchScreen.xib */; };
		DF27BC241AF8045000B8D747 /* travellingRogueTests.m in Sources */ = {isa = PBXBuildFile; fileRef = DF27BC231AF8045000B8D747 /* travellingRogueTests.m */; };
		DF27BC351AF80A7500B8D747 /* TableViewController.m in Sources */ = {isa = PBXBuildFile; fileRef = DF27BC341AF80A7500B8D747 /* TableViewController.m */; };
		DF27BC3A1AF8109E00B8D747 /* kittenGroup.jpeg in Resources */ = {isa = PBXBuildFile; fileRef = DF27BC391AF8109E00B8D747 /* kittenGroup.jpeg */; };
		DF27BC3D1AF810D600B8D747 /* platypus.jpg in Resources */ = {isa = PBXBuildFile; fileRef = DF27BC3B1AF810D600B8D747 /* platypus.jpg */; };
		DF27BC3E1AF810D600B8D747 /* kitten.jpg in Resources */ = {isa = PBXBuildFile; fileRef = DF27BC3C1AF810D600B8D747 /* kitten.jpg */; };
		DF27BC411AF8131000B8D747 /* detailViewController.m in Sources */ = {isa = PBXBuildFile; fileRef = DF27BC401AF8131000B8D747 /* detailViewController.m */; };
		DF27BC431AF81EB800B8D747 /* floral.jpg in Resources */ = {isa = PBXBuildFile; fileRef = DF27BC421AF81EB800B8D747 /* floral.jpg */; };
		DFD45F5B1AFDCD6B0080404F /* FBSDKShareKit.framework in Frameworks */ = {isa = PBXBuildFile; fileRef = DFD45F5A1AFDCD6B0080404F /* FBSDKShareKit.framework */; };
		DFD45F5D1AFDCD740080404F /* FBSDKLoginKit.framework in Frameworks */ = {isa = PBXBuildFile; fileRef = DFD45F5C1AFDCD740080404F /* FBSDKLoginKit.framework */; };
		DFD45F5F1AFDCD7A0080404F /* FBSDKCoreKit.framework in Frameworks */ = {isa = PBXBuildFile; fileRef = DFD45F5E1AFDCD7A0080404F /* FBSDKCoreKit.framework */; };
		DFD45F611AFDDB6E0080404F /* Info.plist in Resources */ = {isa = PBXBuildFile; fileRef = DFD45F601AFDDB6E0080404F /* Info.plist */; };
		DFE490F71AFD2E4E00B2DBFE /* Cafe.m in Sources */ = {isa = PBXBuildFile; fileRef = DFE490F61AFD2E4E00B2DBFE /* Cafe.m */; };
		DFE490FC1AFD5D7400B2DBFE /* mokah.JPG in Resources */ = {isa = PBXBuildFile; fileRef = DFE490F81AFD5D7400B2DBFE /* mokah.JPG */; };
		DFE490FD1AFD5D7400B2DBFE /* houndsooth.JPG in Resources */ = {isa = PBXBuildFile; fileRef = DFE490F91AFD5D7400B2DBFE /* houndsooth.JPG */; };
		DFE490FE1AFD5D7400B2DBFE /* mudsmith.JPG in Resources */ = {isa = PBXBuildFile; fileRef = DFE490FA1AFD5D7400B2DBFE /* mudsmith.JPG */; };
		DFE490FF1AFD5D7400B2DBFE /* weekend.JPG in Resources */ = {isa = PBXBuildFile; fileRef = DFE490FB1AFD5D7400B2DBFE /* weekend.JPG */; };
/* End PBXBuildFile section */

/* Begin PBXContainerItemProxy section */
		DF27BC1E1AF8044F00B8D747 /* PBXContainerItemProxy */ = {
			isa = PBXContainerItemProxy;
			containerPortal = DF27BBFC1AF8044F00B8D747 /* Project object */;
			proxyType = 1;
			remoteGlobalIDString = DF27BC031AF8044F00B8D747;
			remoteInfo = travellingRogue;
		};
/* End PBXContainerItemProxy section */

/* Begin PBXFileReference section */
		DF27BC041AF8044F00B8D747 /* travellingRogue.app */ = {isa = PBXFileReference; explicitFileType = wrapper.application; includeInIndex = 0; path = travellingRogue.app; sourceTree = BUILT_PRODUCTS_DIR; };
		DF27BC091AF8044F00B8D747 /* main.m */ = {isa = PBXFileReference; lastKnownFileType = sourcecode.c.objc; path = main.m; sourceTree = "<group>"; };
		DF27BC0B1AF8044F00B8D747 /* AppDelegate.h */ = {isa = PBXFileReference; lastKnownFileType = sourcecode.c.h; path = AppDelegate.h; sourceTree = "<group>"; };
		DF27BC0C1AF8044F00B8D747 /* AppDelegate.m */ = {isa = PBXFileReference; lastKnownFileType = sourcecode.c.objc; path = AppDelegate.m; sourceTree = "<group>"; };
		DF27BC0E1AF8044F00B8D747 /* LoginViewController.h */ = {isa = PBXFileReference; lastKnownFileType = sourcecode.c.h; path = LoginViewController.h; sourceTree = "<group>"; };
		DF27BC0F1AF8044F00B8D747 /* LoginViewController.m */ = {isa = PBXFileReference; lastKnownFileType = sourcecode.c.objc; path = LoginViewController.m; sourceTree = "<group>"; };
		DF27BC121AF8044F00B8D747 /* Base */ = {isa = PBXFileReference; lastKnownFileType = file.storyboard; name = Base; path = Base.lproj/Main.storyboard; sourceTree = "<group>"; };
		DF27BC141AF8044F00B8D747 /* Images.xcassets */ = {isa = PBXFileReference; lastKnownFileType = folder.assetcatalog; path = Images.xcassets; sourceTree = "<group>"; };
		DF27BC171AF8044F00B8D747 /* Base */ = {isa = PBXFileReference; lastKnownFileType = file.xib; name = Base; path = Base.lproj/LaunchScreen.xib; sourceTree = "<group>"; };
		DF27BC1D1AF8044F00B8D747 /* travellingRogueTests.xctest */ = {isa = PBXFileReference; explicitFileType = wrapper.cfbundle; includeInIndex = 0; path = travellingRogueTests.xctest; sourceTree = BUILT_PRODUCTS_DIR; };
		DF27BC221AF8045000B8D747 /* Info.plist */ = {isa = PBXFileReference; lastKnownFileType = text.plist.xml; path = Info.plist; sourceTree = "<group>"; };
		DF27BC231AF8045000B8D747 /* travellingRogueTests.m */ = {isa = PBXFileReference; lastKnownFileType = sourcecode.c.objc; path = travellingRogueTests.m; sourceTree = "<group>"; };
		DF27BC331AF80A7500B8D747 /* TableViewController.h */ = {isa = PBXFileReference; fileEncoding = 4; lastKnownFileType = sourcecode.c.h; path = TableViewController.h; sourceTree = "<group>"; };
		DF27BC341AF80A7500B8D747 /* TableViewController.m */ = {isa = PBXFileReference; fileEncoding = 4; lastKnownFileType = sourcecode.c.objc; path = TableViewController.m; sourceTree = "<group>"; };
		DF27BC391AF8109E00B8D747 /* kittenGroup.jpeg */ = {isa = PBXFileReference; lastKnownFileType = image.jpeg; path = kittenGroup.jpeg; sourceTree = "<group>"; };
		DF27BC3B1AF810D600B8D747 /* platypus.jpg */ = {isa = PBXFileReference; lastKnownFileType = image.jpeg; path = platypus.jpg; sourceTree = "<group>"; };
		DF27BC3C1AF810D600B8D747 /* kitten.jpg */ = {isa = PBXFileReference; lastKnownFileType = image.jpeg; path = kitten.jpg; sourceTree = "<group>"; };
		DF27BC3F1AF8131000B8D747 /* detailViewController.h */ = {isa = PBXFileReference; fileEncoding = 4; lastKnownFileType = sourcecode.c.h; path = detailViewController.h; sourceTree = "<group>"; };
		DF27BC401AF8131000B8D747 /* detailViewController.m */ = {isa = PBXFileReference; fileEncoding = 4; lastKnownFileType = sourcecode.c.objc; path = detailViewController.m; sourceTree = "<group>"; };
		DF27BC421AF81EB800B8D747 /* floral.jpg */ = {isa = PBXFileReference; lastKnownFileType = image.jpeg; path = floral.jpg; sourceTree = "<group>"; };
		DFD45F5A1AFDCD6B0080404F /* FBSDKShareKit.framework */ = {isa = PBXFileReference; lastKnownFileType = wrapper.framework; name = FBSDKShareKit.framework; path = ../../../../../Documents/FacebookSDK/FBSDKShareKit.framework; sourceTree = "<group>"; };
		DFD45F5C1AFDCD740080404F /* FBSDKLoginKit.framework */ = {isa = PBXFileReference; lastKnownFileType = wrapper.framework; name = FBSDKLoginKit.framework; path = ../../../../../Documents/FacebookSDK/FBSDKLoginKit.framework; sourceTree = "<group>"; };
		DFD45F5E1AFDCD7A0080404F /* FBSDKCoreKit.framework */ = {isa = PBXFileReference; lastKnownFileType = wrapper.framework; name = FBSDKCoreKit.framework; path = ../../../../../Documents/FacebookSDK/FBSDKCoreKit.framework; sourceTree = "<group>"; };
		DFD45F601AFDDB6E0080404F /* Info.plist */ = {isa = PBXFileReference; fileEncoding = 4; lastKnownFileType = text.plist.xml; path = Info.plist; sourceTree = "<group>"; };
		DFE490F51AFD2E4E00B2DBFE /* Cafe.h */ = {isa = PBXFileReference; fileEncoding = 4; lastKnownFileType = sourcecode.c.h; path = Cafe.h; sourceTree = "<group>"; };
		DFE490F61AFD2E4E00B2DBFE /* Cafe.m */ = {isa = PBXFileReference; fileEncoding = 4; lastKnownFileType = sourcecode.c.objc; path = Cafe.m; sourceTree = "<group>"; };
		DFE490F81AFD5D7400B2DBFE /* mokah.JPG */ = {isa = PBXFileReference; lastKnownFileType = image.jpeg; path = mokah.JPG; sourceTree = "<group>"; };
		DFE490F91AFD5D7400B2DBFE /* houndsooth.JPG */ = {isa = PBXFileReference; lastKnownFileType = image.jpeg; path = houndsooth.JPG; sourceTree = "<group>"; };
		DFE490FA1AFD5D7400B2DBFE /* mudsmith.JPG */ = {isa = PBXFileReference; lastKnownFileType = image.jpeg; path = mudsmith.JPG; sourceTree = "<group>"; };
		DFE490FB1AFD5D7400B2DBFE /* weekend.JPG */ = {isa = PBXFileReference; lastKnownFileType = image.jpeg; path = weekend.JPG; sourceTree = "<group>"; };
/* End PBXFileReference section */

/* Begin PBXFrameworksBuildPhase section */
		DF27BC011AF8044F00B8D747 /* Frameworks */ = {
			isa = PBXFrameworksBuildPhase;
			buildActionMask = 2147483647;
			files = (
				DFD45F5D1AFDCD740080404F /* FBSDKLoginKit.framework in Frameworks */,
				DFD45F5F1AFDCD7A0080404F /* FBSDKCoreKit.framework in Frameworks */,
				DFD45F5B1AFDCD6B0080404F /* FBSDKShareKit.framework in Frameworks */,
			);
			runOnlyForDeploymentPostprocessing = 0;
		};
		DF27BC1A1AF8044F00B8D747 /* Frameworks */ = {
			isa = PBXFrameworksBuildPhase;
			buildActionMask = 2147483647;
			files = (
			);
			runOnlyForDeploymentPostprocessing = 0;
		};
/* End PBXFrameworksBuildPhase section */

/* Begin PBXGroup section */
		DF27BBFB1AF8044F00B8D747 = {
			isa = PBXGroup;
			children = (
				DF27BC061AF8044F00B8D747 /* travellingRogue */,
				DF27BC201AF8044F00B8D747 /* travellingRogueTests */,
				DF27BC051AF8044F00B8D747 /* Products */,
				DFD45F5E1AFDCD7A0080404F /* FBSDKCoreKit.framework */,
				DFD45F5C1AFDCD740080404F /* FBSDKLoginKit.framework */,
				DFD45F5A1AFDCD6B0080404F /* FBSDKShareKit.framework */,
			);
			sourceTree = "<group>";
		};
		DF27BC051AF8044F00B8D747 /* Products */ = {
			isa = PBXGroup;
			children = (
				DF27BC041AF8044F00B8D747 /* travellingRogue.app */,
				DF27BC1D1AF8044F00B8D747 /* travellingRogueTests.xctest */,
			);
			name = Products;
			sourceTree = "<group>";
		};
		DF27BC061AF8044F00B8D747 /* travellingRogue */ = {
			isa = PBXGroup;
			children = (
				DF27BC0B1AF8044F00B8D747 /* AppDelegate.h */,
				DF27BC0C1AF8044F00B8D747 /* AppDelegate.m */,
				DF27BC0E1AF8044F00B8D747 /* LoginViewController.h */,
				DF27BC0F1AF8044F00B8D747 /* LoginViewController.m */,
				DF27BC331AF80A7500B8D747 /* TableViewController.h */,
				DF27BC341AF80A7500B8D747 /* TableViewController.m */,
				DF27BC111AF8044F00B8D747 /* Main.storyboard */,
				DF27BC141AF8044F00B8D747 /* Images.xcassets */,
				DF27BC161AF8044F00B8D747 /* LaunchScreen.xib */,
				DF27BC071AF8044F00B8D747 /* Supporting Files */,
				DF27BC3F1AF8131000B8D747 /* detailViewController.h */,
				DF27BC401AF8131000B8D747 /* detailViewController.m */,
				DFE490F51AFD2E4E00B2DBFE /* Cafe.h */,
				DFE490F61AFD2E4E00B2DBFE /* Cafe.m */,
			);
			path = travellingRogue;
			sourceTree = "<group>";
		};
		DF27BC071AF8044F00B8D747 /* Supporting Files */ = {
			isa = PBXGroup;
			children = (
				DFE490F81AFD5D7400B2DBFE /* mokah.JPG */,
				DFE490F91AFD5D7400B2DBFE /* houndsooth.JPG */,
				DFE490FA1AFD5D7400B2DBFE /* mudsmith.JPG */,
				DFE490FB1AFD5D7400B2DBFE /* weekend.JPG */,
				DF27BC421AF81EB800B8D747 /* floral.jpg */,
				DFD45F601AFDDB6E0080404F /* Info.plist */,
				DF27BC091AF8044F00B8D747 /* main.m */,
				DF27BC391AF8109E00B8D747 /* kittenGroup.jpeg */,
				DF27BC3B1AF810D600B8D747 /* platypus.jpg */,
				DF27BC3C1AF810D600B8D747 /* kitten.jpg */,
			);
			name = "Supporting Files";
			sourceTree = "<group>";
		};
		DF27BC201AF8044F00B8D747 /* travellingRogueTests */ = {
			isa = PBXGroup;
			children = (
				DF27BC231AF8045000B8D747 /* travellingRogueTests.m */,
				DF27BC211AF8045000B8D747 /* Supporting Files */,
			);
			path = travellingRogueTests;
			sourceTree = "<group>";
		};
		DF27BC211AF8045000B8D747 /* Supporting Files */ = {
			isa = PBXGroup;
			children = (
				DF27BC221AF8045000B8D747 /* Info.plist */,
			);
			name = "Supporting Files";
			sourceTree = "<group>";
		};
/* End PBXGroup section */

/* Begin PBXNativeTarget section */
		DF27BC031AF8044F00B8D747 /* travellingRogue */ = {
			isa = PBXNativeTarget;
			buildConfigurationList = DF27BC271AF8045000B8D747 /* Build configuration list for PBXNativeTarget "travellingRogue" */;
			buildPhases = (
				DF27BC001AF8044F00B8D747 /* Sources */,
				DF27BC011AF8044F00B8D747 /* Frameworks */,
				DF27BC021AF8044F00B8D747 /* Resources */,
			);
			buildRules = (
			);
			dependencies = (
			);
			name = travellingRogue;
			productName = travellingRogue;
			productReference = DF27BC041AF8044F00B8D747 /* travellingRogue.app */;
			productType = "com.apple.product-type.application";
		};
		DF27BC1C1AF8044F00B8D747 /* travellingRogueTests */ = {
			isa = PBXNativeTarget;
			buildConfigurationList = DF27BC2A1AF8045000B8D747 /* Build configuration list for PBXNativeTarget "travellingRogueTests" */;
			buildPhases = (
				DF27BC191AF8044F00B8D747 /* Sources */,
				DF27BC1A1AF8044F00B8D747 /* Frameworks */,
				DF27BC1B1AF8044F00B8D747 /* Resources */,
			);
			buildRules = (
			);
			dependencies = (
				DF27BC1F1AF8044F00B8D747 /* PBXTargetDependency */,
			);
			name = travellingRogueTests;
			productName = travellingRogueTests;
			productReference = DF27BC1D1AF8044F00B8D747 /* travellingRogueTests.xctest */;
			productType = "com.apple.product-type.bundle.unit-test";
		};
/* End PBXNativeTarget section */

/* Begin PBXProject section */
		DF27BBFC1AF8044F00B8D747 /* Project object */ = {
			isa = PBXProject;
			attributes = {
				LastUpgradeCheck = 0630;
				ORGANIZATIONNAME = "Johna Rutz";
				TargetAttributes = {
					DF27BC031AF8044F00B8D747 = {
						CreatedOnToolsVersion = 6.3.1;
					};
					DF27BC1C1AF8044F00B8D747 = {
						CreatedOnToolsVersion = 6.3.1;
						TestTargetID = DF27BC031AF8044F00B8D747;
					};
				};
			};
			buildConfigurationList = DF27BBFF1AF8044F00B8D747 /* Build configuration list for PBXProject "travellingRogue" */;
			compatibilityVersion = "Xcode 3.2";
			developmentRegion = English;
			hasScannedForEncodings = 0;
			knownRegions = (
				en,
				Base,
			);
			mainGroup = DF27BBFB1AF8044F00B8D747;
			productRefGroup = DF27BC051AF8044F00B8D747 /* Products */;
			projectDirPath = "";
			projectRoot = "";
			targets = (
				DF27BC031AF8044F00B8D747 /* travellingRogue */,
				DF27BC1C1AF8044F00B8D747 /* travellingRogueTests */,
			);
		};
/* End PBXProject section */

/* Begin PBXResourcesBuildPhase section */
		DF27BC021AF8044F00B8D747 /* Resources */ = {
			isa = PBXResourcesBuildPhase;
			buildActionMask = 2147483647;
			files = (
				DFE490FE1AFD5D7400B2DBFE /* mudsmith.JPG in Resources */,
				DFE490FC1AFD5D7400B2DBFE /* mokah.JPG in Resources */,
				DF27BC131AF8044F00B8D747 /* Main.storyboard in Resources */,
				DF27BC181AF8044F00B8D747 /* LaunchScreen.xib in Resources */,
				DF27BC3D1AF810D600B8D747 /* platypus.jpg in Resources */,
				DF27BC431AF81EB800B8D747 /* floral.jpg in Resources */,
				DFE490FF1AFD5D7400B2DBFE /* weekend.JPG in Resources */,
				DF27BC3E1AF810D600B8D747 /* kitten.jpg in Resources */,
				DFD45F611AFDDB6E0080404F /* Info.plist in Resources */,
				DF27BC151AF8044F00B8D747 /* Images.xcassets in Resources */,
				DF27BC3A1AF8109E00B8D747 /* kittenGroup.jpeg in Resources */,
				DFE490FD1AFD5D7400B2DBFE /* houndsooth.JPG in Resources */,
			);
			runOnlyForDeploymentPostprocessing = 0;
		};
		DF27BC1B1AF8044F00B8D747 /* Resources */ = {
			isa = PBXResourcesBuildPhase;
			buildActionMask = 2147483647;
			files = (
			);
			runOnlyForDeploymentPostprocessing = 0;
		};
/* End PBXResourcesBuildPhase section */

/* Begin PBXSourcesBuildPhase section */
		DF27BC001AF8044F00B8D747 /* Sources */ = {
			isa = PBXSourcesBuildPhase;
			buildActionMask = 2147483647;
			files = (
				DFE490F71AFD2E4E00B2DBFE /* Cafe.m in Sources */,
				DF27BC101AF8044F00B8D747 /* LoginViewController.m in Sources */,
				DF27BC0D1AF8044F00B8D747 /* AppDelegate.m in Sources */,
				DF27BC0A1AF8044F00B8D747 /* main.m in Sources */,
				DF27BC351AF80A7500B8D747 /* TableViewController.m in Sources */,
				DF27BC411AF8131000B8D747 /* detailViewController.m in Sources */,
			);
			runOnlyForDeploymentPostprocessing = 0;
		};
		DF27BC191AF8044F00B8D747 /* Sources */ = {
			isa = PBXSourcesBuildPhase;
			buildActionMask = 2147483647;
			files = (
				DF27BC241AF8045000B8D747 /* travellingRogueTests.m in Sources */,
			);
			runOnlyForDeploymentPostprocessing = 0;
		};
/* End PBXSourcesBuildPhase section */

/* Begin PBXTargetDependency section */
		DF27BC1F1AF8044F00B8D747 /* PBXTargetDependency */ = {
			isa = PBXTargetDependency;
			target = DF27BC031AF8044F00B8D747 /* travellingRogue */;
			targetProxy = DF27BC1E1AF8044F00B8D747 /* PBXContainerItemProxy */;
		};
/* End PBXTargetDependency section */

/* Begin PBXVariantGroup section */
		DF27BC111AF8044F00B8D747 /* Main.storyboard */ = {
			isa = PBXVariantGroup;
			children = (
				DF27BC121AF8044F00B8D747 /* Base */,
			);
			name = Main.storyboard;
			sourceTree = "<group>";
		};
		DF27BC161AF8044F00B8D747 /* LaunchScreen.xib */ = {
			isa = PBXVariantGroup;
			children = (
				DF27BC171AF8044F00B8D747 /* Base */,
			);
			name = LaunchScreen.xib;
			sourceTree = "<group>";
		};
/* End PBXVariantGroup section */

/* Begin XCBuildConfiguration section */
		DF27BC251AF8045000B8D747 /* Debug */ = {
			isa = XCBuildConfiguration;
			buildSettings = {
				ALWAYS_SEARCH_USER_PATHS = NO;
				CLANG_CXX_LANGUAGE_STANDARD = "gnu++0x";
				CLANG_CXX_LIBRARY = "libc++";
				CLANG_ENABLE_MODULES = YES;
				CLANG_ENABLE_OBJC_ARC = YES;
				CLANG_WARN_BOOL_CONVERSION = YES;
				CLANG_WARN_CONSTANT_CONVERSION = YES;
				CLANG_WARN_DIRECT_OBJC_ISA_USAGE = YES_ERROR;
				CLANG_WARN_EMPTY_BODY = YES;
				CLANG_WARN_ENUM_CONVERSION = YES;
				CLANG_WARN_INT_CONVERSION = YES;
				CLANG_WARN_OBJC_ROOT_CLASS = YES_ERROR;
				CLANG_WARN_UNREACHABLE_CODE = YES;
				CLANG_WARN__DUPLICATE_METHOD_MATCH = YES;
				"CODE_SIGN_IDENTITY[sdk=iphoneos*]" = "iPhone Developer";
				COPY_PHASE_STRIP = NO;
				DEBUG_INFORMATION_FORMAT = "dwarf-with-dsym";
				ENABLE_STRICT_OBJC_MSGSEND = YES;
				GCC_C_LANGUAGE_STANDARD = gnu99;
				GCC_DYNAMIC_NO_PIC = NO;
				GCC_NO_COMMON_BLOCKS = YES;
				GCC_OPTIMIZATION_LEVEL = 0;
				GCC_PREPROCESSOR_DEFINITIONS = (
					"DEBUG=1",
					"$(inherited)",
				);
				GCC_SYMBOLS_PRIVATE_EXTERN = NO;
				GCC_WARN_64_TO_32_BIT_CONVERSION = YES;
				GCC_WARN_ABOUT_RETURN_TYPE = YES_ERROR;
				GCC_WARN_UNDECLARED_SELECTOR = YES;
				GCC_WARN_UNINITIALIZED_AUTOS = YES_AGGRESSIVE;
				GCC_WARN_UNUSED_FUNCTION = YES;
				GCC_WARN_UNUSED_VARIABLE = YES;
				IPHONEOS_DEPLOYMENT_TARGET = 8.3;
				MTL_ENABLE_DEBUG_INFO = YES;
				ONLY_ACTIVE_ARCH = YES;
				SDKROOT = iphoneos;
			};
			name = Debug;
		};
		DF27BC261AF8045000B8D747 /* Release */ = {
			isa = XCBuildConfiguration;
			buildSettings = {
				ALWAYS_SEARCH_USER_PATHS = NO;
				CLANG_CXX_LANGUAGE_STANDARD = "gnu++0x";
				CLANG_CXX_LIBRARY = "libc++";
				CLANG_ENABLE_MODULES = YES;
				CLANG_ENABLE_OBJC_ARC = YES;
				CLANG_WARN_BOOL_CONVERSION = YES;
				CLANG_WARN_CONSTANT_CONVERSION = YES;
				CLANG_WARN_DIRECT_OBJC_ISA_USAGE = YES_ERROR;
				CLANG_WARN_EMPTY_BODY = YES;
				CLANG_WARN_ENUM_CONVERSION = YES;
				CLANG_WARN_INT_CONVERSION = YES;
				CLANG_WARN_OBJC_ROOT_CLASS = YES_ERROR;
				CLANG_WARN_UNREACHABLE_CODE = YES;
				CLANG_WARN__DUPLICATE_METHOD_MATCH = YES;
				"CODE_SIGN_IDENTITY[sdk=iphoneos*]" = "iPhone Developer";
				COPY_PHASE_STRIP = NO;
				DEBUG_INFORMATION_FORMAT = "dwarf-with-dsym";
				ENABLE_NS_ASSERTIONS = NO;
				ENABLE_STRICT_OBJC_MSGSEND = YES;
				GCC_C_LANGUAGE_STANDARD = gnu99;
				GCC_NO_COMMON_BLOCKS = YES;
				GCC_WARN_64_TO_32_BIT_CONVERSION = YES;
				GCC_WARN_ABOUT_RETURN_TYPE = YES_ERROR;
				GCC_WARN_UNDECLARED_SELECTOR = YES;
				GCC_WARN_UNINITIALIZED_AUTOS = YES_AGGRESSIVE;
				GCC_WARN_UNUSED_FUNCTION = YES;
				GCC_WARN_UNUSED_VARIABLE = YES;
				IPHONEOS_DEPLOYMENT_TARGET = 8.3;
				MTL_ENABLE_DEBUG_INFO = NO;
				SDKROOT = iphoneos;
				VALIDATE_PRODUCT = YES;
			};
			name = Release;
		};
		DF27BC281AF8045000B8D747 /* Debug */ = {
			isa = XCBuildConfiguration;
			buildSettings = {
				ASSETCATALOG_COMPILER_APPICON_NAME = AppIcon;
				CODE_SIGN_IDENTITY = "iPhone Developer";
				FRAMEWORK_SEARCH_PATHS = (
					"$(inherited)",
					"$(PROJECT_DIR)",
					/Users/Jones/Documents/FacebookSDK,
				);
				INFOPLIST_FILE = travellingRogue/Info.plist;
				LD_RUNPATH_SEARCH_PATHS = "$(inherited) @executable_path/Frameworks";
				PRODUCT_NAME = "$(TARGET_NAME)";
			};
			name = Debug;
		};
		DF27BC291AF8045000B8D747 /* Release */ = {
			isa = XCBuildConfiguration;
			buildSettings = {
				ASSETCATALOG_COMPILER_APPICON_NAME = AppIcon;
				CODE_SIGN_IDENTITY = "iPhone Developer";
				FRAMEWORK_SEARCH_PATHS = (
					"$(inherited)",
					"$(PROJECT_DIR)",
					/Users/Jones/Documents/FacebookSDK,
				);
				INFOPLIST_FILE = travellingRogue/Info.plist;
				LD_RUNPATH_SEARCH_PATHS = "$(inherited) @executable_path/Frameworks";
				PRODUCT_NAME = "$(TARGET_NAME)";
			};
			name = Release;
		};
		DF27BC2B1AF8045000B8D747 /* Debug */ = {
			isa = XCBuildConfiguration;
			buildSettings = {
				BUNDLE_LOADER = "$(TEST_HOST)";
				FRAMEWORK_SEARCH_PATHS = (
					"$(SDKROOT)/Developer/Library/Frameworks",
					"$(inherited)",
				);
				GCC_PREPROCESSOR_DEFINITIONS = (
					"DEBUG=1",
					"$(inherited)",
				);
				INFOPLIST_FILE = travellingRogueTests/Info.plist;
				LD_RUNPATH_SEARCH_PATHS = "$(inherited) @executable_path/Frameworks @loader_path/Frameworks";
				PRODUCT_NAME = "$(TARGET_NAME)";
				TEST_HOST = "$(BUILT_PRODUCTS_DIR)/travellingRogue.app/travellingRogue";
			};
			name = Debug;
		};
		DF27BC2C1AF8045000B8D747 /* Release */ = {
			isa = XCBuildConfiguration;
			buildSettings = {
				BUNDLE_LOADER = "$(TEST_HOST)";
				FRAMEWORK_SEARCH_PATHS = (
					"$(SDKROOT)/Developer/Library/Frameworks",
					"$(inherited)",
				);
				INFOPLIST_FILE = travellingRogueTests/Info.plist;
				LD_RUNPATH_SEARCH_PATHS = "$(inherited) @executable_path/Frameworks @loader_path/Frameworks";
				PRODUCT_NAME = "$(TARGET_NAME)";
				TEST_HOST = "$(BUILT_PRODUCTS_DIR)/travellingRogue.app/travellingRogue";
			};
			name = Release;
		};
/* End XCBuildConfiguration section */

/* Begin XCConfigurationList section */
		DF27BBFF1AF8044F00B8D747 /* Build configuration list for PBXProject "travellingRogue" */ = {
			isa = XCConfigurationList;
			buildConfigurations = (
				DF27BC251AF8045000B8D747 /* Debug */,
				DF27BC261AF8045000B8D747 /* Release */,
			);
			defaultConfigurationIsVisible = 0;
			defaultConfigurationName = Release;
		};
		DF27BC271AF8045000B8D747 /* Build configuration list for PBXNativeTarget "travellingRogue" */ = {
			isa = XCConfigurationList;
			buildConfigurations = (
				DF27BC281AF8045000B8D747 /* Debug */,
				DF27BC291AF8045000B8D747 /* Release */,
			);
			defaultConfigurationIsVisible = 0;
			defaultConfigurationName = Release;
		};
		DF27BC2A1AF8045000B8D747 /* Build configuration list for PBXNativeTarget "travellingRogueTests" */ = {
			isa = XCConfigurationList;
			buildConfigurations = (
				DF27BC2B1AF8045000B8D747 /* Debug */,
				DF27BC2C1AF8045000B8D747 /* Release */,
			);
			defaultConfigurationIsVisible = 0;
			defaultConfigurationName = Release;
		};
/* End XCConfigurationList section */
	};
	rootObject = DF27BBFC1AF8044F00B8D747 /* Project object */;
}
